<?xml version="1.0" encoding="utf-8"?>
<Project ToolsVersion="4.0" xmlns="http://schemas.microsoft.com/developer/msbuild/2003">
  <ItemGroup>
    <ClCompile Include="src\main.c" />
    <ClCompile Include="src\ui\components\alert.c" />
    <ClCompile Include="src\ui\components\dropdown.c" />
    <ClCompile Include="src\ui\components\icon.c" />
    <ClCompile Include="src\ui\components\img.c" />
    <ClCompile Include="src\ui\components\label.c" />
    <ClCompile Include="src\ui\components\modal.c" />
    <ClCompile Include="src\ui\components\password.c" />
    <ClCompile Include="src\ui\components\rate.c" />
    <ClCompile Include="src\ui\components\spinner.c" />
    <ClCompile Include="src\ui\components\typography.c" />
    <ClCompile Include="src\ui\dismiss.c" />
    <ClCompile Include="src\ui\toggle.c" />
    <ClCompile Include="src\ui\components\tooltip.c" />
    <ClCompile Include="src\ui\components\switch.c" />
  </ItemGroup>
  <ItemGroup>
    <ClInclude Include="include\LCDesign.h" />
    <ClInclude Include="include\LCDesign\ui\components.h" />
    <ClInclude Include="include\LCDesign\ui\components\alert.h" />
    <ClInclude Include="include\LCDesign\ui\components\dropdown.h" />
    <ClInclude Include="include\LCDesign\ui\components\icon.h" />
    <ClInclude Include="include\LCDesign\ui\components\img.h" />
    <ClInclude Include="include\LCDesign\ui\components\label.h" />
    <ClInclude Include="include\LCDesign\ui\components\modal.h" />
    <ClInclude Include="include\LCDesign\ui\components\password.h" />
    <ClInclude Include="include\LCDesign\ui\components\rate.h" />
    <ClInclude Include="include\LCDesign\ui\components\spinner.h" />
    <ClInclude Include="include\LCDesign\ui\components\typography.h" />
    <ClInclude Include="include\LCDesign\ui\dismiss.h" />
    <ClInclude Include="include\LCDesign\ui\toggle.h" />
    <ClInclude Include="include\LCDesign\ui\components\tooltip.h" />
    <ClInclude Include="include\LCDesign\ui\components\switch.h" />
  </ItemGroup>
</Project>